
Microsoft Visual Studio Solution File, Format Version 12.00
# Visual Studio Version 17
VisualStudioVersion = 17.7.34202.233
MinimumVisualStudioVersion = 10.0.40219.1
Project("{FAE04EC0-301F-11D3-BF4B-00C04F79EFBC}") = "PMC.WebAPI", "PMC.WebAPI\PMC.WebAPI.csproj", "{C28CAB8A-2A42-4D2A-AD32-3092A0C451DA}"
EndProject
Project("{2150E333-8FDC-42A3-9474-1A3956D46DE8}") = "01.PMC.WebAPI", "01.PMC.WebAPI", "{5BD11F85-4DA6-4477-B281-B69A301477B8}"
EndProject
Project("{2150E333-8FDC-42A3-9474-1A3956D46DE8}") = "02.PMC.Manager", "02.PMC.Manager", "{3753F32B-D314-4B77-BAAE-326E10A4004E}"
EndProject
Project("{2150E333-8FDC-42A3-9474-1A3956D46DE8}") = "03.PMC.Data", "03.PMC.Data", "{BFF8E3C0-4254-410D-9FDC-CC2DDF425DB0}"
EndProject
Project("{2150E333-8FDC-42A3-9474-1A3956D46DE8}") = "04.PMC.Core", "04.PMC.Core", "{4A2C32D5-F56C-4B61-9238-22B009A3A386}"
EndProject
Project("{2150E333-8FDC-42A3-9474-1A3956D46DE8}") = "05.PMC.Test", "05.PMC.Test", "{A0211534-56A1-4751-8A6D-BAA2B3DED4DE}"
EndProject
Project("{FAE04EC0-301F-11D3-BF4B-00C04F79EFBC}") = "PMC.Manager", "PMC.Manager\PMC.Manager.csproj", "{917F65F8-5816-44D7-ADFC-F6607F256CE8}"
EndProject
Project("{FAE04EC0-301F-11D3-BF4B-00C04F79EFBC}") = "PMC.Data", "PMC.Data\PMC.Data.csproj", "{C82A8D01-B693-4B1D-89CA-B5CD89E3E5B4}"
EndProject
Project("{FAE04EC0-301F-11D3-BF4B-00C04F79EFBC}") = "PMC.Core", "PMC.Core\PMC.Core.csproj", "{963BF42D-28A7-4259-9D01-A87339FF4A8B}"
EndProject
Project("{FAE04EC0-301F-11D3-BF4B-00C04F79EFBC}") = "PMC.Test", "PMC.Test\PMC.Test.csproj", "{96D5BE25-C6A0-4574-A819-80767B63EB60}"
EndProject
Global
	GlobalSection(SolutionConfigurationPlatforms) = preSolution
		Debug|Any CPU = Debug|Any CPU
		Release|Any CPU = Release|Any CPU
	EndGlobalSection
	GlobalSection(ProjectConfigurationPlatforms) = postSolution
		{C28CAB8A-2A42-4D2A-AD32-3092A0C451DA}.Debug|Any CPU.ActiveCfg = Debug|Any CPU
		{C28CAB8A-2A42-4D2A-AD32-3092A0C451DA}.Debug|Any CPU.Build.0 = Debug|Any CPU
		{C28CAB8A-2A42-4D2A-AD32-3092A0C451DA}.Release|Any CPU.ActiveCfg = Release|Any CPU
		{C28CAB8A-2A42-4D2A-AD32-3092A0C451DA}.Release|Any CPU.Build.0 = Release|Any CPU
		{917F65F8-5816-44D7-ADFC-F6607F256CE8}.Debug|Any CPU.ActiveCfg = Debug|Any CPU
		{917F65F8-5816-44D7-ADFC-F6607F256CE8}.Debug|Any CPU.Build.0 = Debug|Any CPU
		{917F65F8-5816-44D7-ADFC-F6607F256CE8}.Release|Any CPU.ActiveCfg = Release|Any CPU
		{917F65F8-5816-44D7-ADFC-F6607F256CE8}.Release|Any CPU.Build.0 = Release|Any CPU
		{C82A8D01-B693-4B1D-89CA-B5CD89E3E5B4}.Debug|Any CPU.ActiveCfg = Debug|Any CPU
		{C82A8D01-B693-4B1D-89CA-B5CD89E3E5B4}.Debug|Any CPU.Build.0 = Debug|Any CPU
		{C82A8D01-B693-4B1D-89CA-B5CD89E3E5B4}.Release|Any CPU.ActiveCfg = Release|Any CPU
		{C82A8D01-B693-4B1D-89CA-B5CD89E3E5B4}.Release|Any CPU.Build.0 = Release|Any CPU
		{963BF42D-28A7-4259-9D01-A87339FF4A8B}.Debug|Any CPU.ActiveCfg = Debug|Any CPU
		{963BF42D-28A7-4259-9D01-A87339FF4A8B}.Debug|Any CPU.Build.0 = Debug|Any CPU
		{963BF42D-28A7-4259-9D01-A87339FF4A8B}.Release|Any CPU.ActiveCfg = Release|Any CPU
		{963BF42D-28A7-4259-9D01-A87339FF4A8B}.Release|Any CPU.Build.0 = Release|Any CPU
		{96D5BE25-C6A0-4574-A819-80767B63EB60}.Debug|Any CPU.ActiveCfg = Debug|Any CPU
		{96D5BE25-C6A0-4574-A819-80767B63EB60}.Debug|Any CPU.Build.0 = Debug|Any CPU
		{96D5BE25-C6A0-4574-A819-80767B63EB60}.Release|Any CPU.ActiveCfg = Release|Any CPU
		{96D5BE25-C6A0-4574-A819-80767B63EB60}.Release|Any CPU.Build.0 = Release|Any CPU
	EndGlobalSection
	GlobalSection(SolutionProperties) = preSolution
		HideSolutionNode = FALSE
	EndGlobalSection
	GlobalSection(NestedProjects) = preSolution
		{C28CAB8A-2A42-4D2A-AD32-3092A0C451DA} = {5BD11F85-4DA6-4477-B281-B69A301477B8}
		{917F65F8-5816-44D7-ADFC-F6607F256CE8} = {3753F32B-D314-4B77-BAAE-326E10A4004E}
		{C82A8D01-B693-4B1D-89CA-B5CD89E3E5B4} = {BFF8E3C0-4254-410D-9FDC-CC2DDF425DB0}
		{963BF42D-28A7-4259-9D01-A87339FF4A8B} = {4A2C32D5-F56C-4B61-9238-22B009A3A386}
		{96D5BE25-C6A0-4574-A819-80767B63EB60} = {A0211534-56A1-4751-8A6D-BAA2B3DED4DE}
	EndGlobalSection
	GlobalSection(ExtensibilityGlobals) = postSolution
		SolutionGuid = {895317C6-3978-423F-8DCC-5BA62BE456AC}
	EndGlobalSection
EndGlobal
